
Microsoft Visual Studio Solution File, Format Version 12.00
# Visual Studio 15
VisualStudioVersion = 15.0.26730.8
MinimumVisualStudioVersion = 10.0.40219.1
Project("{FAE04EC0-301F-11D3-BF4B-00C04F79EFBC}") = "Sinema.WebUI", "Sinema.WebUI\Sinema.WebUI.csproj", "{0A68C4A2-886C-4ED1-B8F0-AC615FA08DC5}"
EndProject
Project("{FAE04EC0-301F-11D3-BF4B-00C04F79EFBC}") = "Sinema.BLL", "Sinema.BLL\Sinema.BLL.csproj", "{BD1ECED5-5BEF-4941-8B66-3FC950FEF6EB}"
EndProject
Project("{FAE04EC0-301F-11D3-BF4B-00C04F79EFBC}") = "Sinema.DAL", "Sinema.DAL\Sinema.DAL.csproj", "{DD5EFDA5-96E6-4D44-B434-523A83A4C7FD}"
EndProject
Global
	GlobalSection(SolutionConfigurationPlatforms) = preSolution
		Debug|Any CPU = Debug|Any CPU
		Release|Any CPU = Release|Any CPU
	EndGlobalSection
	GlobalSection(ProjectConfigurationPlatforms) = postSolution
		{0A68C4A2-886C-4ED1-B8F0-AC615FA08DC5}.Debug|Any CPU.ActiveCfg = Debug|Any CPU
		{0A68C4A2-886C-4ED1-B8F0-AC615FA08DC5}.Debug|Any CPU.Build.0 = Debug|Any CPU
		{0A68C4A2-886C-4ED1-B8F0-AC615FA08DC5}.Release|Any CPU.ActiveCfg = Release|Any CPU
		{0A68C4A2-886C-4ED1-B8F0-AC615FA08DC5}.Release|Any CPU.Build.0 = Release|Any CPU
		{BD1ECED5-5BEF-4941-8B66-3FC950FEF6EB}.Debug|Any CPU.ActiveCfg = Debug|Any CPU
		{BD1ECED5-5BEF-4941-8B66-3FC950FEF6EB}.Debug|Any CPU.Build.0 = Debug|Any CPU
		{BD1ECED5-5BEF-4941-8B66-3FC950FEF6EB}.Release|Any CPU.ActiveCfg = Release|Any CPU
		{BD1ECED5-5BEF-4941-8B66-3FC950FEF6EB}.Release|Any CPU.Build.0 = Release|Any CPU
		{DD5EFDA5-96E6-4D44-B434-523A83A4C7FD}.Debug|Any CPU.ActiveCfg = Debug|Any CPU
		{DD5EFDA5-96E6-4D44-B434-523A83A4C7FD}.Debug|Any CPU.Build.0 = Debug|Any CPU
		{DD5EFDA5-96E6-4D44-B434-523A83A4C7FD}.Release|Any CPU.ActiveCfg = Release|Any CPU
		{DD5EFDA5-96E6-4D44-B434-523A83A4C7FD}.Release|Any CPU.Build.0 = Release|Any CPU
	EndGlobalSection
	GlobalSection(SolutionProperties) = preSolution
		HideSolutionNode = FALSE
	EndGlobalSection
	GlobalSection(ExtensibilityGlobals) = postSolution
		SolutionGuid = {EF6B1C45-3B0C-4937-9067-44579793DE69}
	EndGlobalSection
EndGlobal
